
Microsoft Visual Studio Solution File, Format Version 12.00
# Visual Studio 2012
Project("{8BC9CEB8-8B4A-11D0-8D11-00A0C91BC942}") = "lutok2", "lutok2.vcxproj", "{96673C1F-65CE-4A76-9F06-173A1ADAAD5D}"
EndProject
Global
	GlobalSection(SolutionConfigurationPlatforms) = preSolution
		Debug|Win32 = Debug|Win32
		Release|Win32 = Release|Win32
	EndGlobalSection
	GlobalSection(ProjectConfigurationPlatforms) = postSolution
		{96673C1F-65CE-4A76-9F06-173A1ADAAD5D}.Debug|Win32.ActiveCfg = Debug|Win32
		{96673C1F-65CE-4A76-9F06-173A1ADAAD5D}.Debug|Win32.Build.0 = Debug|Win32
		{96673C1F-65CE-4A76-9F06-173A1ADAAD5D}.Release|Win32.ActiveCfg = Release|Win32
		{96673C1F-65CE-4A76-9F06-173A1ADAAD5D}.Release|Win32.Build.0 = Release|Win32
	EndGlobalSection
	GlobalSection(SolutionProperties) = preSolution
		HideSolutionNode = FALSE
	EndGlobalSection
EndGlobal
